
Microsoft Visual Studio Solution File, Format Version 12.00
# Visual Studio Version 17
VisualStudioVersion = 17.0.31919.166
MinimumVisualStudioVersion = 10.0.40219.1
Project("{888888A0-9F3D-457C-B088-3A5042F75D52}") = "TodoListWebApp", "TodoListWebApp\TodoListWebApp.pyproj", "{4846323C-DFE5-4231-B4C9-8B90DDBBBC17}"
EndProject
Global
	GlobalSection(SolutionConfigurationPlatforms) = preSolution
		Debug|Any CPU = Debug|Any CPU
		Release|Any CPU = Release|Any CPU
	EndGlobalSection
	GlobalSection(ProjectConfigurationPlatforms) = postSolution
		{4846323C-DFE5-4231-B4C9-8B90DDBBBC17}.Debug|Any CPU.ActiveCfg = Debug|Any CPU
		{4846323C-DFE5-4231-B4C9-8B90DDBBBC17}.Debug|Any CPU.Build.0 = Debug|Any CPU
		{4846323C-DFE5-4231-B4C9-8B90DDBBBC17}.Release|Any CPU.ActiveCfg = Release|Any CPU
		{4846323C-DFE5-4231-B4C9-8B90DDBBBC17}.Release|Any CPU.Build.0 = Release|Any CPU
	EndGlobalSection
	GlobalSection(SolutionProperties) = preSolution
		HideSolutionNode = FALSE
	EndGlobalSection
	GlobalSection(ExtensibilityGlobals) = postSolution
		SolutionGuid = {31F1D1E8-F409-40F4-94F3-B43B9B73ABD1}
	EndGlobalSection
EndGlobal
